
Microsoft Visual Studio Solution File, Format Version 12.00
# Visual Studio Version 17
VisualStudioVersion = 17.1.31911.260
MinimumVisualStudioVersion = 10.0.40219.1
Project("{9A19103F-16F7-4668-BE54-9A1E7A4F7556}") = "Receive", "Receive.csproj", "{1E15163B-9C82-473B-9A70-42775A025C31}"
EndProject
Global
	GlobalSection(SolutionConfigurationPlatforms) = preSolution
		Debug|Any CPU = Debug|Any CPU
		Release|Any CPU = Release|Any CPU
	EndGlobalSection
	GlobalSection(ProjectConfigurationPlatforms) = postSolution
		{1E15163B-9C82-473B-9A70-42775A025C31}.Debug|Any CPU.ActiveCfg = Debug|Any CPU
		{1E15163B-9C82-473B-9A70-42775A025C31}.Debug|Any CPU.Build.0 = Debug|Any CPU
		{1E15163B-9C82-473B-9A70-42775A025C31}.Release|Any CPU.ActiveCfg = Release|Any CPU
		{1E15163B-9C82-473B-9A70-42775A025C31}.Release|Any CPU.Build.0 = Release|Any CPU
	EndGlobalSection
	GlobalSection(SolutionProperties) = preSolution
		HideSolutionNode = FALSE
	EndGlobalSection
	GlobalSection(ExtensibilityGlobals) = postSolution
		SolutionGuid = {4BEE3D97-081A-407B-806D-3E45DF83938C}
	EndGlobalSection
EndGlobal
